
Microsoft Visual Studio Solution File, Format Version 12.00
# Visual Studio Version 16
VisualStudioVersion = 16.0.28729.10
MinimumVisualStudioVersion = 10.0.40219.1
Project("{8BC9CEB8-8B4A-11D0-8D11-00A0C91BC942}") = "Ficha1", "Ficha1\Ficha1.vcxproj", "{5A777228-6BED-4B66-A8B5-EAAEEB466DBD}"
EndProject
Project("{8BC9CEB8-8B4A-11D0-8D11-00A0C91BC942}") = "Ficha1_Ex8_DLL", "Ficha1_Ex8_DLL\Ficha1_Ex8_DLL.vcxproj", "{62CACD2B-F50A-41A3-AFDB-7CCAE44468B9}"
EndProject
Project("{8BC9CEB8-8B4A-11D0-8D11-00A0C91BC942}") = "Ficha2", "Ficha2\Ficha2.vcxproj", "{D393B742-46EC-4C31-B70E-9372E1A54045}"
EndProject
Project("{8BC9CEB8-8B4A-11D0-8D11-00A0C91BC942}") = "Ficha3", "Ficha3\Ficha3.vcxproj", "{BFB7E691-6FB5-409F-8229-BD7E7F2B00D3}"
EndProject
Project("{8BC9CEB8-8B4A-11D0-8D11-00A0C91BC942}") = "Ficha4", "Ficha4\Ficha4.vcxproj", "{80AFB48B-6921-4FC2-BE2B-BCD9FE4D1D25}"
EndProject
Project("{8BC9CEB8-8B4A-11D0-8D11-00A0C91BC942}") = "ExemploMemoriaPartilhada", "ExemploMemoriaPartilhada\ExemploMemoriaPartilhada.vcxproj", "{78D7D8A7-8A99-42B5-810A-86CF585A2BF5}"
EndProject
Project("{8BC9CEB8-8B4A-11D0-8D11-00A0C91BC942}") = "Ficha5", "Ficha5\Ficha5.vcxproj", "{10EBE8C6-B153-4314-B666-433294D06D91}"
EndProject
Project("{8BC9CEB8-8B4A-11D0-8D11-00A0C91BC942}") = "Ficha6", "Ficha6\Ficha6.vcxproj", "{53D6586F-E34E-4828-9343-9AEFD8AC81F1}"
EndProject
Global
	GlobalSection(SolutionConfigurationPlatforms) = preSolution
		Debug|x64 = Debug|x64
		Debug|x86 = Debug|x86
		Release|x64 = Release|x64
		Release|x86 = Release|x86
	EndGlobalSection
	GlobalSection(ProjectConfigurationPlatforms) = postSolution
		{5A777228-6BED-4B66-A8B5-EAAEEB466DBD}.Debug|x64.ActiveCfg = Debug|x64
		{5A777228-6BED-4B66-A8B5-EAAEEB466DBD}.Debug|x64.Build.0 = Debug|x64
		{5A777228-6BED-4B66-A8B5-EAAEEB466DBD}.Debug|x86.ActiveCfg = Debug|Win32
		{5A777228-6BED-4B66-A8B5-EAAEEB466DBD}.Debug|x86.Build.0 = Debug|Win32
		{5A777228-6BED-4B66-A8B5-EAAEEB466DBD}.Release|x64.ActiveCfg = Release|x64
		{5A777228-6BED-4B66-A8B5-EAAEEB466DBD}.Release|x64.Build.0 = Release|x64
		{5A777228-6BED-4B66-A8B5-EAAEEB466DBD}.Release|x86.ActiveCfg = Release|Win32
		{5A777228-6BED-4B66-A8B5-EAAEEB466DBD}.Release|x86.Build.0 = Release|Win32
		{62CACD2B-F50A-41A3-AFDB-7CCAE44468B9}.Debug|x64.ActiveCfg = Debug|x64
		{62CACD2B-F50A-41A3-AFDB-7CCAE44468B9}.Debug|x64.Build.0 = Debug|x64
		{62CACD2B-F50A-41A3-AFDB-7CCAE44468B9}.Debug|x86.ActiveCfg = Debug|Win32
		{62CACD2B-F50A-41A3-AFDB-7CCAE44468B9}.Debug|x86.Build.0 = Debug|Win32
		{62CACD2B-F50A-41A3-AFDB-7CCAE44468B9}.Release|x64.ActiveCfg = Release|x64
		{62CACD2B-F50A-41A3-AFDB-7CCAE44468B9}.Release|x64.Build.0 = Release|x64
		{62CACD2B-F50A-41A3-AFDB-7CCAE44468B9}.Release|x86.ActiveCfg = Release|Win32
		{62CACD2B-F50A-41A3-AFDB-7CCAE44468B9}.Release|x86.Build.0 = Release|Win32
		{D393B742-46EC-4C31-B70E-9372E1A54045}.Debug|x64.ActiveCfg = Debug|x64
		{D393B742-46EC-4C31-B70E-9372E1A54045}.Debug|x64.Build.0 = Debug|x64
		{D393B742-46EC-4C31-B70E-9372E1A54045}.Debug|x86.ActiveCfg = Debug|Win32
		{D393B742-46EC-4C31-B70E-9372E1A54045}.Debug|x86.Build.0 = Debug|Win32
		{D393B742-46EC-4C31-B70E-9372E1A54045}.Release|x64.ActiveCfg = Release|x64
		{D393B742-46EC-4C31-B70E-9372E1A54045}.Release|x64.Build.0 = Release|x64
		{D393B742-46EC-4C31-B70E-9372E1A54045}.Release|x86.ActiveCfg = Release|Win32
		{D393B742-46EC-4C31-B70E-9372E1A54045}.Release|x86.Build.0 = Release|Win32
		{BFB7E691-6FB5-409F-8229-BD7E7F2B00D3}.Debug|x64.ActiveCfg = Debug|x64
		{BFB7E691-6FB5-409F-8229-BD7E7F2B00D3}.Debug|x64.Build.0 = Debug|x64
		{BFB7E691-6FB5-409F-8229-BD7E7F2B00D3}.Debug|x86.ActiveCfg = Debug|Win32
		{BFB7E691-6FB5-409F-8229-BD7E7F2B00D3}.Debug|x86.Build.0 = Debug|Win32
		{BFB7E691-6FB5-409F-8229-BD7E7F2B00D3}.Release|x64.ActiveCfg = Release|x64
		{BFB7E691-6FB5-409F-8229-BD7E7F2B00D3}.Release|x64.Build.0 = Release|x64
		{BFB7E691-6FB5-409F-8229-BD7E7F2B00D3}.Release|x86.ActiveCfg = Release|Win32
		{BFB7E691-6FB5-409F-8229-BD7E7F2B00D3}.Release|x86.Build.0 = Release|Win32
		{80AFB48B-6921-4FC2-BE2B-BCD9FE4D1D25}.Debug|x64.ActiveCfg = Debug|x64
		{80AFB48B-6921-4FC2-BE2B-BCD9FE4D1D25}.Debug|x64.Build.0 = Debug|x64
		{80AFB48B-6921-4FC2-BE2B-BCD9FE4D1D25}.Debug|x86.ActiveCfg = Debug|Win32
		{80AFB48B-6921-4FC2-BE2B-BCD9FE4D1D25}.Debug|x86.Build.0 = Debug|Win32
		{80AFB48B-6921-4FC2-BE2B-BCD9FE4D1D25}.Release|x64.ActiveCfg = Release|x64
		{80AFB48B-6921-4FC2-BE2B-BCD9FE4D1D25}.Release|x64.Build.0 = Release|x64
		{80AFB48B-6921-4FC2-BE2B-BCD9FE4D1D25}.Release|x86.ActiveCfg = Release|Win32
		{80AFB48B-6921-4FC2-BE2B-BCD9FE4D1D25}.Release|x86.Build.0 = Release|Win32
		{78D7D8A7-8A99-42B5-810A-86CF585A2BF5}.Debug|x64.ActiveCfg = Debug|x64
		{78D7D8A7-8A99-42B5-810A-86CF585A2BF5}.Debug|x64.Build.0 = Debug|x64
		{78D7D8A7-8A99-42B5-810A-86CF585A2BF5}.Debug|x86.ActiveCfg = Debug|Win32
		{78D7D8A7-8A99-42B5-810A-86CF585A2BF5}.Debug|x86.Build.0 = Debug|Win32
		{78D7D8A7-8A99-42B5-810A-86CF585A2BF5}.Release|x64.ActiveCfg = Release|x64
		{78D7D8A7-8A99-42B5-810A-86CF585A2BF5}.Release|x64.Build.0 = Release|x64
		{78D7D8A7-8A99-42B5-810A-86CF585A2BF5}.Release|x86.ActiveCfg = Release|Win32
		{78D7D8A7-8A99-42B5-810A-86CF585A2BF5}.Release|x86.Build.0 = Release|Win32
		{10EBE8C6-B153-4314-B666-433294D06D91}.Debug|x64.ActiveCfg = Debug|x64
		{10EBE8C6-B153-4314-B666-433294D06D91}.Debug|x64.Build.0 = Debug|x64
		{10EBE8C6-B153-4314-B666-433294D06D91}.Debug|x86.ActiveCfg = Debug|Win32
		{10EBE8C6-B153-4314-B666-433294D06D91}.Debug|x86.Build.0 = Debug|Win32
		{10EBE8C6-B153-4314-B666-433294D06D91}.Release|x64.ActiveCfg = Release|x64
		{10EBE8C6-B153-4314-B666-433294D06D91}.Release|x64.Build.0 = Release|x64
		{10EBE8C6-B153-4314-B666-433294D06D91}.Release|x86.ActiveCfg = Release|Win32
		{10EBE8C6-B153-4314-B666-433294D06D91}.Release|x86.Build.0 = Release|Win32
		{53D6586F-E34E-4828-9343-9AEFD8AC81F1}.Debug|x64.ActiveCfg = Debug|x64
		{53D6586F-E34E-4828-9343-9AEFD8AC81F1}.Debug|x64.Build.0 = Debug|x64
		{53D6586F-E34E-4828-9343-9AEFD8AC81F1}.Debug|x86.ActiveCfg = Debug|Win32
		{53D6586F-E34E-4828-9343-9AEFD8AC81F1}.Debug|x86.Build.0 = Debug|Win32
		{53D6586F-E34E-4828-9343-9AEFD8AC81F1}.Release|x64.ActiveCfg = Release|x64
		{53D6586F-E34E-4828-9343-9AEFD8AC81F1}.Release|x64.Build.0 = Release|x64
		{53D6586F-E34E-4828-9343-9AEFD8AC81F1}.Release|x86.ActiveCfg = Release|Win32
		{53D6586F-E34E-4828-9343-9AEFD8AC81F1}.Release|x86.Build.0 = Release|Win32
	EndGlobalSection
	GlobalSection(SolutionProperties) = preSolution
		HideSolutionNode = FALSE
	EndGlobalSection
	GlobalSection(ExtensibilityGlobals) = postSolution
		SolutionGuid = {EE1D484A-8EFB-4437-B6F1-11873C50FE41}
	EndGlobalSection
EndGlobal
